
Microsoft Visual Studio Solution File, Format Version 12.00
# Visual Studio Version 16
VisualStudioVersion = 16.0.29613.14
MinimumVisualStudioVersion = 10.0.40219.1
Project("{FAE04EC0-301F-11D3-BF4B-00C04F79EFBC}") = "QAProjekat", "QAProjekat\QAProjekat.csproj", "{04E70CEB-1945-448E-A9FA-576358BC22E3}"
EndProject
Global
	GlobalSection(SolutionConfigurationPlatforms) = preSolution
		Debug|Any CPU = Debug|Any CPU
		Release|Any CPU = Release|Any CPU
	EndGlobalSection
	GlobalSection(ProjectConfigurationPlatforms) = postSolution
		{04E70CEB-1945-448E-A9FA-576358BC22E3}.Debug|Any CPU.ActiveCfg = Debug|Any CPU
		{04E70CEB-1945-448E-A9FA-576358BC22E3}.Debug|Any CPU.Build.0 = Debug|Any CPU
		{04E70CEB-1945-448E-A9FA-576358BC22E3}.Release|Any CPU.ActiveCfg = Release|Any CPU
		{04E70CEB-1945-448E-A9FA-576358BC22E3}.Release|Any CPU.Build.0 = Release|Any CPU
	EndGlobalSection
	GlobalSection(SolutionProperties) = preSolution
		HideSolutionNode = FALSE
	EndGlobalSection
	GlobalSection(ExtensibilityGlobals) = postSolution
		SolutionGuid = {398092F8-624B-49F8-9B35-99477A6DDFD5}
	EndGlobalSection
EndGlobal
